
Microsoft Visual Studio Solution File, Format Version 12.00
# Visual Studio 15
VisualStudioVersion = 15.0.28010.2050
MinimumVisualStudioVersion = 10.0.40219.1
Project("{FAE04EC0-301F-11D3-BF4B-00C04F79EFBC}") = "ExcelQRCodeAddin", "ExcelQRCodeAddin\ExcelQRCodeAddin.csproj", "{CDC862B6-A398-425B-9CC0-2F0C53A6D2E8}"
EndProject
Global
	GlobalSection(SolutionConfigurationPlatforms) = preSolution
		Debug|Any CPU = Debug|Any CPU
		Release|Any CPU = Release|Any CPU
	EndGlobalSection
	GlobalSection(ProjectConfigurationPlatforms) = postSolution
		{CDC862B6-A398-425B-9CC0-2F0C53A6D2E8}.Debug|Any CPU.ActiveCfg = Debug|Any CPU
		{CDC862B6-A398-425B-9CC0-2F0C53A6D2E8}.Debug|Any CPU.Build.0 = Debug|Any CPU
		{CDC862B6-A398-425B-9CC0-2F0C53A6D2E8}.Release|Any CPU.ActiveCfg = Release|Any CPU
		{CDC862B6-A398-425B-9CC0-2F0C53A6D2E8}.Release|Any CPU.Build.0 = Release|Any CPU
	EndGlobalSection
	GlobalSection(SolutionProperties) = preSolution
		HideSolutionNode = FALSE
	EndGlobalSection
	GlobalSection(ExtensibilityGlobals) = postSolution
		SolutionGuid = {2E5DD8ED-7088-453C-8DE5-F088192E421E}
	EndGlobalSection
EndGlobal
